<?xml version="1.0" encoding="utf-8"?>
<Project ToolsVersion="4.0" xmlns="http://schemas.microsoft.com/developer/msbuild/2003">
  <ItemGroup>
    <Filter Include="win32">
      <UniqueIdentifier>{84a8ebd7-7cf0-47f6-b75e-d441df67da40}</UniqueIdentifier>
    </Filter>
    <Filter Include="resource">
      <UniqueIdentifier>{715254bc-d70b-4ec5-bf29-467dd3ace079}</UniqueIdentifier>
    </Filter>
    <Filter Include="src">
      <UniqueIdentifier>{bb6c862e-70e9-49d9-81b7-3829a6f50471}</UniqueIdentifier>
    </Filter>
    <Filter Include="src\manage">
      <UniqueIdentifier>{8731a5c6-c161-46fe-ae7f-2e25c093d305}</UniqueIdentifier>
    </Filter>
    <Filter Include="src\ui">
      <UniqueIdentifier>{f34a50f9-39c3-4ab1-b397-04646f2bc91b}</UniqueIdentifier>
    </Filter>
    <Filter Include="src\util">
      <UniqueIdentifier>{4171b3ad-4a78-47a3-ad84-0e7e5701f2c0}</UniqueIdentifier>
    </Filter>
    <Filter Include="src\sdk">
      <UniqueIdentifier>{46684113-c218-474e-a2a3-28f013e88e9b}</UniqueIdentifier>
    </Filter>
    <Filter Include="src\base">
      <UniqueIdentifier>{4d0da33e-e5ab-4230-8119-dbcea7d98df5}</UniqueIdentifier>
    </Filter>
    <Filter Include="src\data">
      <UniqueIdentifier>{13e5ac12-24bc-4a27-a446-9748c8976dfe}</UniqueIdentifier>
    </Filter>
  </ItemGroup>
  <ItemGroup>
    <ClCompile Include="main.cpp">
      <Filter>win32</Filter>
    </ClCompile>
    <ClCompile Include="..\Classes\AppDelegate.cpp">
      <Filter>src</Filter>
    </ClCompile>
    <ClCompile Include="..\Classes\HelloWorldScene.cpp">
      <Filter>src</Filter>
    </ClCompile>
    <ClCompile Include="..\Classes\data\GameData.cpp">
      <Filter>src\data</Filter>
    </ClCompile>
    <ClCompile Include="..\Classes\data\languageData.cpp">
      <Filter>src\data</Filter>
    </ClCompile>
    <ClCompile Include="..\Classes\GameEngine.cpp">
      <Filter>src</Filter>
    </ClCompile>
    <ClCompile Include="..\Classes\manage\UIManage.cpp">
      <Filter>src\manage</Filter>
    </ClCompile>
    <ClCompile Include="..\Classes\util\DataUtils.cpp">
      <Filter>src\util</Filter>
    </ClCompile>
  </ItemGroup>
  <ItemGroup>
    <ClInclude Include="main.h">
      <Filter>win32</Filter>
    </ClInclude>
    <ClInclude Include="..\Classes\AppDelegate.h">
      <Filter>src</Filter>
    </ClInclude>
    <ClInclude Include="..\Classes\HelloWorldScene.h">
      <Filter>src</Filter>
    </ClInclude>
    <ClInclude Include="..\Classes\data\GameData.h">
      <Filter>src\data</Filter>
    </ClInclude>
    <ClInclude Include="..\Classes\base\GobleHead.h">
      <Filter>src\base</Filter>
    </ClInclude>
    <ClInclude Include="..\Classes\data\languageData.h">
      <Filter>src\data</Filter>
    </ClInclude>
    <ClInclude Include="..\Classes\GameEngine.h">
      <Filter>src</Filter>
    </ClInclude>
    <ClInclude Include="..\Classes\DeviceConfigs.h">
      <Filter>src</Filter>
    </ClInclude>
    <ClInclude Include="..\Classes\manage\UIManage.h">
      <Filter>src\manage</Filter>
    </ClInclude>
    <ClInclude Include="..\Classes\util\DataUtils.h">
      <Filter>src\util</Filter>
    </ClInclude>
  </ItemGroup>
  <ItemGroup>
    <ResourceCompile Include="game.rc">
      <Filter>resource</Filter>
    </ResourceCompile>
  </ItemGroup>
</Project>